// !$*UTF8*$!
{
	archiveVersion = 1;
	classes = {
	};
	objectVersion = 50;
	objects = {

/* Begin PBXBuildFile section */
		6F0E45FC252BAB7C004BDB9A /* AppDelegate.swift in Sources */ = {isa = PBXBuildFile; fileRef = 6F0E45FB252BAB7C004BDB9A /* AppDelegate.swift */; };
		6F0E45FE252BAB7C004BDB9A /* SceneDelegate.swift in Sources */ = {isa = PBXBuildFile; fileRef = 6F0E45FD252BAB7C004BDB9A /* SceneDelegate.swift */; };
		6F0E4600252BAB7C004BDB9A /* MyLoginViewController.swift in Sources */ = {isa = PBXBuildFile; fileRef = 6F0E45FF252BAB7C004BDB9A /* MyLoginViewController.swift */; };
		6F0E4603252BAB7D004BDB9A /* Main.storyboard in Resources */ = {isa = PBXBuildFile; fileRef = 6F0E4601252BAB7D004BDB9A /* Main.storyboard */; };
		6F0E4605252BAB82004BDB9A /* Assets.xcassets in Resources */ = {isa = PBXBuildFile; fileRef = 6F0E4604252BAB82004BDB9A /* Assets.xcassets */; };
		6F0E4608252BAB82004BDB9A /* LaunchScreen.storyboard in Resources */ = {isa = PBXBuildFile; fileRef = 6F0E4606252BAB82004BDB9A /* LaunchScreen.storyboard */; };
		6F0E4611252BB385004BDB9A /* MainViewController.swift in Sources */ = {isa = PBXBuildFile; fileRef = 6F0E4610252BB385004BDB9A /* MainViewController.swift */; };
/* End PBXBuildFile section */

/* Begin PBXFileReference section */
		6F0E45F8252BAB7C004BDB9A /* My-google-login-app.app */ = {isa = PBXFileReference; explicitFileType = wrapper.application; includeInIndex = 0; path = "My-google-login-app.app"; sourceTree = BUILT_PRODUCTS_DIR; };
		6F0E45FB252BAB7C004BDB9A /* AppDelegate.swift */ = {isa = PBXFileReference; lastKnownFileType = sourcecode.swift; path = AppDelegate.swift; sourceTree = "<group>"; };
		6F0E45FD252BAB7C004BDB9A /* SceneDelegate.swift */ = {isa = PBXFileReference; lastKnownFileType = sourcecode.swift; path = SceneDelegate.swift; sourceTree = "<group>"; };
		6F0E45FF252BAB7C004BDB9A /* MyLoginViewController.swift */ = {isa = PBXFileReference; lastKnownFileType = sourcecode.swift; path = MyLoginViewController.swift; sourceTree = "<group>"; };
		6F0E4602252BAB7D004BDB9A /* Base */ = {isa = PBXFileReference; lastKnownFileType = file.storyboard; name = Base; path = Base.lproj/Main.storyboard; sourceTree = "<group>"; };
		6F0E4604252BAB82004BDB9A /* Assets.xcassets */ = {isa = PBXFileReference; lastKnownFileType = folder.assetcatalog; path = Assets.xcassets; sourceTree = "<group>"; };
		6F0E4607252BAB82004BDB9A /* Base */ = {isa = PBXFileReference; lastKnownFileType = file.storyboard; name = Base; path = Base.lproj/LaunchScreen.storyboard; sourceTree = "<group>"; };
		6F0E4609252BAB82004BDB9A /* Info.plist */ = {isa = PBXFileReference; lastKnownFileType = text.plist.xml; path = Info.plist; sourceTree = "<group>"; };
		6F0E4610252BB385004BDB9A /* MainViewController.swift */ = {isa = PBXFileReference; lastKnownFileType = sourcecode.swift; path = MainViewController.swift; sourceTree = "<group>"; };
/* End PBXFileReference section */

/* Begin PBXFrameworksBuildPhase section */
		6F0E45F5252BAB7C004BDB9A /* Frameworks */ = {
			isa = PBXFrameworksBuildPhase;
			buildActionMask = 2147483647;
			files = (
			);
			runOnlyForDeploymentPostprocessing = 0;
		};
/* End PBXFrameworksBuildPhase section */

/* Begin PBXGroup section */
		6F0E45EF252BAB7C004BDB9A = {
			isa = PBXGroup;
			children = (
				6F0E45FA252BAB7C004BDB9A /* My-google-login-app */,
				6F0E45F9252BAB7C004BDB9A /* Products */,
			);
			sourceTree = "<group>";
		};
		6F0E45F9252BAB7C004BDB9A /* Products */ = {
			isa = PBXGroup;
			children = (
				6F0E45F8252BAB7C004BDB9A /* My-google-login-app.app */,
			);
			name = Products;
			sourceTree = "<group>";
		};
		6F0E45FA252BAB7C004BDB9A /* My-google-login-app */ = {
			isa = PBXGroup;
			children = (
				6F0E45FB252BAB7C004BDB9A /* AppDelegate.swift */,
				6F0E45FD252BAB7C004BDB9A /* SceneDelegate.swift */,
				6F0E4614252BB3AD004BDB9A /* Controller */,
				6F0E4616252BB3DA004BDB9A /* View */,
				6F0E4604252BAB82004BDB9A /* Assets.xcassets */,
				6F0E4606252BAB82004BDB9A /* LaunchScreen.storyboard */,
				6F0E4609252BAB82004BDB9A /* Info.plist */,
			);
			path = "My-google-login-app";
			sourceTree = "<group>";
		};
		6F0E4614252BB3AD004BDB9A /* Controller */ = {
			isa = PBXGroup;
			children = (
				6F0E45FF252BAB7C004BDB9A /* MyLoginViewController.swift */,
				6F0E4610252BB385004BDB9A /* MainViewController.swift */,
			);
			path = Controller;
			sourceTree = "<group>";
		};
		6F0E4616252BB3DA004BDB9A /* View */ = {
			isa = PBXGroup;
			children = (
				6F0E4601252BAB7D004BDB9A /* Main.storyboard */,
			);
			path = View;
			sourceTree = "<group>";
		};
/* End PBXGroup section */

/* Begin PBXNativeTarget section */
		6F0E45F7252BAB7C004BDB9A /* My-google-login-app */ = {
			isa = PBXNativeTarget;
			buildConfigurationList = 6F0E460C252BAB82004BDB9A /* Build configuration list for PBXNativeTarget "My-google-login-app" */;
			buildPhases = (
				6F0E45F4252BAB7C004BDB9A /* Sources */,
				6F0E45F5252BAB7C004BDB9A /* Frameworks */,
				6F0E45F6252BAB7C004BDB9A /* Resources */,
			);
			buildRules = (
			);
			dependencies = (
			);
			name = "My-google-login-app";
			productName = "My-goggle-login-app";
			productReference = 6F0E45F8252BAB7C004BDB9A /* My-google-login-app.app */;
			productType = "com.apple.product-type.application";
		};
/* End PBXNativeTarget section */

/* Begin PBXProject section */
		6F0E45F0252BAB7C004BDB9A /* Project object */ = {
			isa = PBXProject;
			attributes = {
				LastSwiftUpdateCheck = 1200;
				LastUpgradeCheck = 1200;
				TargetAttributes = {
					6F0E45F7252BAB7C004BDB9A = {
						CreatedOnToolsVersion = 12.0;
					};
				};
			};
			buildConfigurationList = 6F0E45F3252BAB7C004BDB9A /* Build configuration list for PBXProject "My-google-login-app" */;
			compatibilityVersion = "Xcode 9.3";
			developmentRegion = en;
			hasScannedForEncodings = 0;
			knownRegions = (
				en,
				Base,
			);
			mainGroup = 6F0E45EF252BAB7C004BDB9A;
			productRefGroup = 6F0E45F9252BAB7C004BDB9A /* Products */;
			projectDirPath = "";
			projectRoot = "";
			targets = (
				6F0E45F7252BAB7C004BDB9A /* My-google-login-app */,
			);
		};
/* End PBXProject section */

/* Begin PBXResourcesBuildPhase section */
		6F0E45F6252BAB7C004BDB9A /* Resources */ = {
			isa = PBXResourcesBuildPhase;
			buildActionMask = 2147483647;
			files = (
				6F0E4608252BAB82004BDB9A /* LaunchScreen.storyboard in Resources */,
				6F0E4605252BAB82004BDB9A /* Assets.xcassets in Resources */,
				6F0E4603252BAB7D004BDB9A /* Main.storyboard in Resources */,
			);
			runOnlyForDeploymentPostprocessing = 0;
		};
/* End PBXResourcesBuildPhase section */

/* Begin PBXSourcesBuildPhase section */
		6F0E45F4252BAB7C004BDB9A /* Sources */ = {
			isa = PBXSourcesBuildPhase;
			buildActionMask = 2147483647;
			files = (
				6F0E4600252BAB7C004BDB9A /* MyLoginViewController.swift in Sources */,
				6F0E45FC252BAB7C004BDB9A /* AppDelegate.swift in Sources */,
				6F0E45FE252BAB7C004BDB9A /* SceneDelegate.swift in Sources */,
				6F0E4611252BB385004BDB9A /* MainViewController.swift in Sources */,
			);
			runOnlyForDeploymentPostprocessing = 0;
		};
/* End PBXSourcesBuildPhase section */

/* Begin PBXVariantGroup section */
		6F0E4601252BAB7D004BDB9A /* Main.storyboard */ = {
			isa = PBXVariantGroup;
			children = (
				6F0E4602252BAB7D004BDB9A /* Base */,
			);
			name = Main.storyboard;
			sourceTree = "<group>";
		};
		6F0E4606252BAB82004BDB9A /* LaunchScreen.storyboard */ = {
			isa = PBXVariantGroup;
			children = (
				6F0E4607252BAB82004BDB9A /* Base */,
			);
			name = LaunchScreen.storyboard;
			sourceTree = "<group>";
		};
/* End PBXVariantGroup section */

/* Begin XCBuildConfiguration section */
		6F0E460A252BAB82004BDB9A /* Debug */ = {
			isa = XCBuildConfiguration;
			buildSettings = {
				ALWAYS_SEARCH_USER_PATHS = NO;
				CLANG_ANALYZER_NONNULL = YES;
				CLANG_ANALYZER_NUMBER_OBJECT_CONVERSION = YES_AGGRESSIVE;
				CLANG_CXX_LANGUAGE_STANDARD = "gnu++14";
				CLANG_CXX_LIBRARY = "libc++";
				CLANG_ENABLE_MODULES = YES;
				CLANG_ENABLE_OBJC_ARC = YES;
				CLANG_ENABLE_OBJC_WEAK = YES;
				CLANG_WARN_BLOCK_CAPTURE_AUTORELEASING = YES;
				CLANG_WARN_BOOL_CONVERSION = YES;
				CLANG_WARN_COMMA = YES;
				CLANG_WARN_CONSTANT_CONVERSION = YES;
				CLANG_WARN_DEPRECATED_OBJC_IMPLEMENTATIONS = YES;
				CLANG_WARN_DIRECT_OBJC_ISA_USAGE = YES_ERROR;
				CLANG_WARN_DOCUMENTATION_COMMENTS = YES;
				CLANG_WARN_EMPTY_BODY = YES;
				CLANG_WARN_ENUM_CONVERSION = YES;
				CLANG_WARN_INFINITE_RECURSION = YES;
				CLANG_WARN_INT_CONVERSION = YES;
				CLANG_WARN_NON_LITERAL_NULL_CONVERSION = YES;
				CLANG_WARN_OBJC_IMPLICIT_RETAIN_SELF = YES;
				CLANG_WARN_OBJC_LITERAL_CONVERSION = YES;
				CLANG_WARN_OBJC_ROOT_CLASS = YES_ERROR;
				CLANG_WARN_QUOTED_INCLUDE_IN_FRAMEWORK_HEADER = YES;
				CLANG_WARN_RANGE_LOOP_ANALYSIS = YES;
				CLANG_WARN_STRICT_PROTOTYPES = YES;
				CLANG_WARN_SUSPICIOUS_MOVE = YES;
				CLANG_WARN_UNGUARDED_AVAILABILITY = YES_AGGRESSIVE;
				CLANG_WARN_UNREACHABLE_CODE = YES;
				CLANG_WARN__DUPLICATE_METHOD_MATCH = YES;
				COPY_PHASE_STRIP = NO;
				DEBUG_INFORMATION_FORMAT = dwarf;
				ENABLE_STRICT_OBJC_MSGSEND = YES;
				ENABLE_TESTABILITY = YES;
				GCC_C_LANGUAGE_STANDARD = gnu11;
				GCC_DYNAMIC_NO_PIC = NO;
				GCC_NO_COMMON_BLOCKS = YES;
				GCC_OPTIMIZATION_LEVEL = 0;
				GCC_PREPROCESSOR_DEFINITIONS = (
					"DEBUG=1",
					"$(inherited)",
				);
				GCC_WARN_64_TO_32_BIT_CONVERSION = YES;
				GCC_WARN_ABOUT_RETURN_TYPE = YES_ERROR;
				GCC_WARN_UNDECLARED_SELECTOR = YES;
				GCC_WARN_UNINITIALIZED_AUTOS = YES_AGGRESSIVE;
				GCC_WARN_UNUSED_FUNCTION = YES;
				GCC_WARN_UNUSED_VARIABLE = YES;
				IPHONEOS_DEPLOYMENT_TARGET = 14.0;
				MTL_ENABLE_DEBUG_INFO = INCLUDE_SOURCE;
				MTL_FAST_MATH = YES;
				ONLY_ACTIVE_ARCH = YES;
				SDKROOT = iphoneos;
				SWIFT_ACTIVE_COMPILATION_CONDITIONS = DEBUG;
				SWIFT_OPTIMIZATION_LEVEL = "-Onone";
			};
			name = Debug;
		};
		6F0E460B252BAB82004BDB9A /* Release */ = {
			isa = XCBuildConfiguration;
			buildSettings = {
				ALWAYS_SEARCH_USER_PATHS = NO;
				CLANG_ANALYZER_NONNULL = YES;
				CLANG_ANALYZER_NUMBER_OBJECT_CONVERSION = YES_AGGRESSIVE;
				CLANG_CXX_LANGUAGE_STANDARD = "gnu++14";
				CLANG_CXX_LIBRARY = "libc++";
				CLANG_ENABLE_MODULES = YES;
				CLANG_ENABLE_OBJC_ARC = YES;
				CLANG_ENABLE_OBJC_WEAK = YES;
				CLANG_WARN_BLOCK_CAPTURE_AUTORELEASING = YES;
				CLANG_WARN_BOOL_CONVERSION = YES;
				CLANG_WARN_COMMA = YES;
				CLANG_WARN_CONSTANT_CONVERSION = YES;
				CLANG_WARN_DEPRECATED_OBJC_IMPLEMENTATIONS = YES;
				CLANG_WARN_DIRECT_OBJC_ISA_USAGE = YES_ERROR;
				CLANG_WARN_DOCUMENTATION_COMMENTS = YES;
				CLANG_WARN_EMPTY_BODY = YES;
				CLANG_WARN_ENUM_CONVERSION = YES;
				CLANG_WARN_INFINITE_RECURSION = YES;
				CLANG_WARN_INT_CONVERSION = YES;
				CLANG_WARN_NON_LITERAL_NULL_CONVERSION = YES;
				CLANG_WARN_OBJC_IMPLICIT_RETAIN_SELF = YES;
				CLANG_WARN_OBJC_LITERAL_CONVERSION = YES;
				CLANG_WARN_OBJC_ROOT_CLASS = YES_ERROR;
				CLANG_WARN_QUOTED_INCLUDE_IN_FRAMEWORK_HEADER = YES;
				CLANG_WARN_RANGE_LOOP_ANALYSIS = YES;
				CLANG_WARN_STRICT_PROTOTYPES = YES;
				CLANG_WARN_SUSPICIOUS_MOVE = YES;
				CLANG_WARN_UNGUARDED_AVAILABILITY = YES_AGGRESSIVE;
				CLANG_WARN_UNREACHABLE_CODE = YES;
				CLANG_WARN__DUPLICATE_METHOD_MATCH = YES;
				COPY_PHASE_STRIP = NO;
				DEBUG_INFORMATION_FORMAT = "dwarf-with-dsym";
				ENABLE_NS_ASSERTIONS = NO;
				ENABLE_STRICT_OBJC_MSGSEND = YES;
				GCC_C_LANGUAGE_STANDARD = gnu11;
				GCC_NO_COMMON_BLOCKS = YES;
				GCC_WARN_64_TO_32_BIT_CONVERSION = YES;
				GCC_WARN_ABOUT_RETURN_TYPE = YES_ERROR;
				GCC_WARN_UNDECLARED_SELECTOR = YES;
				GCC_WARN_UNINITIALIZED_AUTOS = YES_AGGRESSIVE;
				GCC_WARN_UNUSED_FUNCTION = YES;
				GCC_WARN_UNUSED_VARIABLE = YES;
				IPHONEOS_DEPLOYMENT_TARGET = 14.0;
				MTL_ENABLE_DEBUG_INFO = NO;
				MTL_FAST_MATH = YES;
				SDKROOT = iphoneos;
				SWIFT_COMPILATION_MODE = wholemodule;
				SWIFT_OPTIMIZATION_LEVEL = "-O";
				VALIDATE_PRODUCT = YES;
			};
			name = Release;
		};
		6F0E460D252BAB82004BDB9A /* Debug */ = {
			isa = XCBuildConfiguration;
			buildSettings = {
				ASSETCATALOG_COMPILER_APPICON_NAME = AppIcon;
				ASSETCATALOG_COMPILER_GLOBAL_ACCENT_COLOR_NAME = AccentColor;
				CODE_SIGN_STYLE = Automatic;
				DEVELOPMENT_TEAM = SAS2UF9Y9D;
				INFOPLIST_FILE = "My-google-login-app/Info.plist";
				LD_RUNPATH_SEARCH_PATHS = (
					"$(inherited)",
					"@executable_path/Frameworks",
				);
				PRODUCT_BUNDLE_IDENTIFIER = "com.kavyajoshi.My-google-login-app";
				PRODUCT_NAME = "$(TARGET_NAME)";
				SWIFT_VERSION = 5.0;
				TARGETED_DEVICE_FAMILY = "1,2";
			};
			name = Debug;
		};
		6F0E460E252BAB82004BDB9A /* Release */ = {
			isa = XCBuildConfiguration;
			buildSettings = {
				ASSETCATALOG_COMPILER_APPICON_NAME = AppIcon;
				ASSETCATALOG_COMPILER_GLOBAL_ACCENT_COLOR_NAME = AccentColor;
				CODE_SIGN_STYLE = Automatic;
				DEVELOPMENT_TEAM = SAS2UF9Y9D;
				INFOPLIST_FILE = "My-google-login-app/Info.plist";
				LD_RUNPATH_SEARCH_PATHS = (
					"$(inherited)",
					"@executable_path/Frameworks",
				);
				PRODUCT_BUNDLE_IDENTIFIER = "com.kavyajoshi.My-google-login-app";
				PRODUCT_NAME = "$(TARGET_NAME)";
				SWIFT_VERSION = 5.0;
				TARGETED_DEVICE_FAMILY = "1,2";
			};
			name = Release;
		};
/* End XCBuildConfiguration section */

/* Begin XCConfigurationList section */
		6F0E45F3252BAB7C004BDB9A /* Build configuration list for PBXProject "My-google-login-app" */ = {
			isa = XCConfigurationList;
			buildConfigurations = (
				6F0E460A252BAB82004BDB9A /* Debug */,
				6F0E460B252BAB82004BDB9A /* Release */,
			);
			defaultConfigurationIsVisible = 0;
			defaultConfigurationName = Release;
		};
		6F0E460C252BAB82004BDB9A /* Build configuration list for PBXNativeTarget "My-google-login-app" */ = {
			isa = XCConfigurationList;
			buildConfigurations = (
				6F0E460D252BAB82004BDB9A /* Debug */,
				6F0E460E252BAB82004BDB9A /* Release */,
			);
			defaultConfigurationIsVisible = 0;
			defaultConfigurationName = Release;
		};
/* End XCConfigurationList section */
	};
	rootObject = 6F0E45F0252BAB7C004BDB9A /* Project object */;
}
